// !$*UTF8*$!
{
	archiveVersion = 1;
	classes = {
	};
	objectVersion = 50;
	objects = {

/* Begin PBXBuildFile section */
		60AC24D22688B83B009826E9 /* AppDelegate.swift in Sources */ = {isa = PBXBuildFile; fileRef = 60AC24D12688B83B009826E9 /* AppDelegate.swift */; };
		60AC24D42688B83B009826E9 /* SceneDelegate.swift in Sources */ = {isa = PBXBuildFile; fileRef = 60AC24D32688B83B009826E9 /* SceneDelegate.swift */; };
		60AC24D92688B83B009826E9 /* Main.storyboard in Resources */ = {isa = PBXBuildFile; fileRef = 60AC24D72688B83B009826E9 /* Main.storyboard */; };
		60AC24DB2688B83F009826E9 /* Assets.xcassets in Resources */ = {isa = PBXBuildFile; fileRef = 60AC24DA2688B83F009826E9 /* Assets.xcassets */; };
		60AC24DE2688B83F009826E9 /* LaunchScreen.storyboard in Resources */ = {isa = PBXBuildFile; fileRef = 60AC24DC2688B83F009826E9 /* LaunchScreen.storyboard */; };
		60AC24E62688B88F009826E9 /* TableViewController.swift in Sources */ = {isa = PBXBuildFile; fileRef = 60AC24E52688B88F009826E9 /* TableViewController.swift */; };
		60AC24E82688B8C0009826E9 /* Profile.swift in Sources */ = {isa = PBXBuildFile; fileRef = 60AC24E72688B8C0009826E9 /* Profile.swift */; };
		60AC24EA2688BB37009826E9 /* TableViewCell.swift in Sources */ = {isa = PBXBuildFile; fileRef = 60AC24E92688BB37009826E9 /* TableViewCell.swift */; };
		60AC24EE2688BDB8009826E9 /* ViewModel.swift in Sources */ = {isa = PBXBuildFile; fileRef = 60AC24ED2688BDB8009826E9 /* ViewModel.swift */; };
		60AC24F02688BE4D009826E9 /* TableViewModelType.swift in Sources */ = {isa = PBXBuildFile; fileRef = 60AC24EF2688BE4D009826E9 /* TableViewModelType.swift */; };
		60AC24F42688C3AF009826E9 /* TableViewCellViewModelType.swift in Sources */ = {isa = PBXBuildFile; fileRef = 60AC24F32688C3AF009826E9 /* TableViewCellViewModelType.swift */; };
		60AC24F62688C4B8009826E9 /* TableViewCellViewModel.swift in Sources */ = {isa = PBXBuildFile; fileRef = 60AC24F52688C4B8009826E9 /* TableViewCellViewModel.swift */; };
		60AC24F82688CB11009826E9 /* DetailViewController.swift in Sources */ = {isa = PBXBuildFile; fileRef = 60AC24F72688CB11009826E9 /* DetailViewController.swift */; };
		60AC24FA2688CB81009826E9 /* DetailViewModelType.swift in Sources */ = {isa = PBXBuildFile; fileRef = 60AC24F92688CB81009826E9 /* DetailViewModelType.swift */; };
		60AC24FC2688CBA6009826E9 /* DetailViewModel.swift in Sources */ = {isa = PBXBuildFile; fileRef = 60AC24FB2688CBA6009826E9 /* DetailViewModel.swift */; };
		60AC24FE2689FA35009826E9 /* Box.swift in Sources */ = {isa = PBXBuildFile; fileRef = 60AC24FD2689FA35009826E9 /* Box.swift */; };
/* End PBXBuildFile section */

/* Begin PBXFileReference section */
		60AC24CE2688B83B009826E9 /* MVVM-2.app */ = {isa = PBXFileReference; explicitFileType = wrapper.application; includeInIndex = 0; path = "MVVM-2.app"; sourceTree = BUILT_PRODUCTS_DIR; };
		60AC24D12688B83B009826E9 /* AppDelegate.swift */ = {isa = PBXFileReference; lastKnownFileType = sourcecode.swift; path = AppDelegate.swift; sourceTree = "<group>"; };
		60AC24D32688B83B009826E9 /* SceneDelegate.swift */ = {isa = PBXFileReference; lastKnownFileType = sourcecode.swift; path = SceneDelegate.swift; sourceTree = "<group>"; };
		60AC24D82688B83B009826E9 /* Base */ = {isa = PBXFileReference; lastKnownFileType = file.storyboard; name = Base; path = Base.lproj/Main.storyboard; sourceTree = "<group>"; };
		60AC24DA2688B83F009826E9 /* Assets.xcassets */ = {isa = PBXFileReference; lastKnownFileType = folder.assetcatalog; path = Assets.xcassets; sourceTree = "<group>"; };
		60AC24DD2688B83F009826E9 /* Base */ = {isa = PBXFileReference; lastKnownFileType = file.storyboard; name = Base; path = Base.lproj/LaunchScreen.storyboard; sourceTree = "<group>"; };
		60AC24DF2688B83F009826E9 /* Info.plist */ = {isa = PBXFileReference; lastKnownFileType = text.plist.xml; path = Info.plist; sourceTree = "<group>"; };
		60AC24E52688B88F009826E9 /* TableViewController.swift */ = {isa = PBXFileReference; lastKnownFileType = sourcecode.swift; path = TableViewController.swift; sourceTree = "<group>"; };
		60AC24E72688B8C0009826E9 /* Profile.swift */ = {isa = PBXFileReference; lastKnownFileType = sourcecode.swift; path = Profile.swift; sourceTree = "<group>"; };
		60AC24E92688BB37009826E9 /* TableViewCell.swift */ = {isa = PBXFileReference; lastKnownFileType = sourcecode.swift; path = TableViewCell.swift; sourceTree = "<group>"; };
		60AC24ED2688BDB8009826E9 /* ViewModel.swift */ = {isa = PBXFileReference; lastKnownFileType = sourcecode.swift; path = ViewModel.swift; sourceTree = "<group>"; };
		60AC24EF2688BE4D009826E9 /* TableViewModelType.swift */ = {isa = PBXFileReference; lastKnownFileType = sourcecode.swift; path = TableViewModelType.swift; sourceTree = "<group>"; };
		60AC24F32688C3AF009826E9 /* TableViewCellViewModelType.swift */ = {isa = PBXFileReference; lastKnownFileType = sourcecode.swift; path = TableViewCellViewModelType.swift; sourceTree = "<group>"; };
		60AC24F52688C4B8009826E9 /* TableViewCellViewModel.swift */ = {isa = PBXFileReference; lastKnownFileType = sourcecode.swift; path = TableViewCellViewModel.swift; sourceTree = "<group>"; };
		60AC24F72688CB11009826E9 /* DetailViewController.swift */ = {isa = PBXFileReference; lastKnownFileType = sourcecode.swift; path = DetailViewController.swift; sourceTree = "<group>"; };
		60AC24F92688CB81009826E9 /* DetailViewModelType.swift */ = {isa = PBXFileReference; lastKnownFileType = sourcecode.swift; path = DetailViewModelType.swift; sourceTree = "<group>"; };
		60AC24FB2688CBA6009826E9 /* DetailViewModel.swift */ = {isa = PBXFileReference; lastKnownFileType = sourcecode.swift; path = DetailViewModel.swift; sourceTree = "<group>"; };
		60AC24FD2689FA35009826E9 /* Box.swift */ = {isa = PBXFileReference; lastKnownFileType = sourcecode.swift; path = Box.swift; sourceTree = "<group>"; };
/* End PBXFileReference section */

/* Begin PBXFrameworksBuildPhase section */
		60AC24CB2688B83B009826E9 /* Frameworks */ = {
			isa = PBXFrameworksBuildPhase;
			buildActionMask = 2147483647;
			files = (
			);
			runOnlyForDeploymentPostprocessing = 0;
		};
/* End PBXFrameworksBuildPhase section */

/* Begin PBXGroup section */
		60AC24C52688B83B009826E9 = {
			isa = PBXGroup;
			children = (
				60AC24D02688B83B009826E9 /* MVVM-2 */,
				60AC24CF2688B83B009826E9 /* Products */,
			);
			sourceTree = "<group>";
		};
		60AC24CF2688B83B009826E9 /* Products */ = {
			isa = PBXGroup;
			children = (
				60AC24CE2688B83B009826E9 /* MVVM-2.app */,
			);
			name = Products;
			sourceTree = "<group>";
		};
		60AC24D02688B83B009826E9 /* MVVM-2 */ = {
			isa = PBXGroup;
			children = (
				60AC24D12688B83B009826E9 /* AppDelegate.swift */,
				60AC24D32688B83B009826E9 /* SceneDelegate.swift */,
				60AC24D72688B83B009826E9 /* Main.storyboard */,
				60AC24DA2688B83F009826E9 /* Assets.xcassets */,
				60AC24DC2688B83F009826E9 /* LaunchScreen.storyboard */,
				60AC24DF2688B83F009826E9 /* Info.plist */,
				60AC24EC2688BC7B009826E9 /* VIew */,
				60AC24EB2688BC6F009826E9 /* Model */,
				60AC24F12688C0E5009826E9 /* ViewModel */,
				60AC24F22688C0F2009826E9 /* Protocols */,
				60AC24FD2689FA35009826E9 /* Box.swift */,
			);
			path = "MVVM-2";
			sourceTree = "<group>";
		};
		60AC24EB2688BC6F009826E9 /* Model */ = {
			isa = PBXGroup;
			children = (
				60AC24E72688B8C0009826E9 /* Profile.swift */,
			);
			path = Model;
			sourceTree = "<group>";
		};
		60AC24EC2688BC7B009826E9 /* VIew */ = {
			isa = PBXGroup;
			children = (
				60AC24E92688BB37009826E9 /* TableViewCell.swift */,
				60AC24F72688CB11009826E9 /* DetailViewController.swift */,
				60AC24E52688B88F009826E9 /* TableViewController.swift */,
			);
			path = VIew;
			sourceTree = "<group>";
		};
		60AC24F12688C0E5009826E9 /* ViewModel */ = {
			isa = PBXGroup;
			children = (
				60AC24ED2688BDB8009826E9 /* ViewModel.swift */,
				60AC24F52688C4B8009826E9 /* TableViewCellViewModel.swift */,
				60AC24FB2688CBA6009826E9 /* DetailViewModel.swift */,
			);
			path = ViewModel;
			sourceTree = "<group>";
		};
		60AC24F22688C0F2009826E9 /* Protocols */ = {
			isa = PBXGroup;
			children = (
				60AC24EF2688BE4D009826E9 /* TableViewModelType.swift */,
				60AC24F32688C3AF009826E9 /* TableViewCellViewModelType.swift */,
				60AC24F92688CB81009826E9 /* DetailViewModelType.swift */,
			);
			path = Protocols;
			sourceTree = "<group>";
		};
/* End PBXGroup section */

/* Begin PBXNativeTarget section */
		60AC24CD2688B83B009826E9 /* MVVM-2 */ = {
			isa = PBXNativeTarget;
			buildConfigurationList = 60AC24E22688B83F009826E9 /* Build configuration list for PBXNativeTarget "MVVM-2" */;
			buildPhases = (
				60AC24CA2688B83B009826E9 /* Sources */,
				60AC24CB2688B83B009826E9 /* Frameworks */,
				60AC24CC2688B83B009826E9 /* Resources */,
			);
			buildRules = (
			);
			dependencies = (
			);
			name = "MVVM-2";
			productName = "MVVM-2";
			productReference = 60AC24CE2688B83B009826E9 /* MVVM-2.app */;
			productType = "com.apple.product-type.application";
		};
/* End PBXNativeTarget section */

/* Begin PBXProject section */
		60AC24C62688B83B009826E9 /* Project object */ = {
			isa = PBXProject;
			attributes = {
				LastSwiftUpdateCheck = 1250;
				LastUpgradeCheck = 1250;
				TargetAttributes = {
					60AC24CD2688B83B009826E9 = {
						CreatedOnToolsVersion = 12.5;
					};
				};
			};
			buildConfigurationList = 60AC24C92688B83B009826E9 /* Build configuration list for PBXProject "MVVM-2" */;
			compatibilityVersion = "Xcode 9.3";
			developmentRegion = en;
			hasScannedForEncodings = 0;
			knownRegions = (
				en,
				Base,
			);
			mainGroup = 60AC24C52688B83B009826E9;
			productRefGroup = 60AC24CF2688B83B009826E9 /* Products */;
			projectDirPath = "";
			projectRoot = "";
			targets = (
				60AC24CD2688B83B009826E9 /* MVVM-2 */,
			);
		};
/* End PBXProject section */

/* Begin PBXResourcesBuildPhase section */
		60AC24CC2688B83B009826E9 /* Resources */ = {
			isa = PBXResourcesBuildPhase;
			buildActionMask = 2147483647;
			files = (
				60AC24DE2688B83F009826E9 /* LaunchScreen.storyboard in Resources */,
				60AC24DB2688B83F009826E9 /* Assets.xcassets in Resources */,
				60AC24D92688B83B009826E9 /* Main.storyboard in Resources */,
			);
			runOnlyForDeploymentPostprocessing = 0;
		};
/* End PBXResourcesBuildPhase section */

/* Begin PBXSourcesBuildPhase section */
		60AC24CA2688B83B009826E9 /* Sources */ = {
			isa = PBXSourcesBuildPhase;
			buildActionMask = 2147483647;
			files = (
				60AC24F42688C3AF009826E9 /* TableViewCellViewModelType.swift in Sources */,
				60AC24EA2688BB37009826E9 /* TableViewCell.swift in Sources */,
				60AC24D22688B83B009826E9 /* AppDelegate.swift in Sources */,
				60AC24E82688B8C0009826E9 /* Profile.swift in Sources */,
				60AC24E62688B88F009826E9 /* TableViewController.swift in Sources */,
				60AC24F02688BE4D009826E9 /* TableViewModelType.swift in Sources */,
				60AC24FE2689FA35009826E9 /* Box.swift in Sources */,
				60AC24FA2688CB81009826E9 /* DetailViewModelType.swift in Sources */,
				60AC24FC2688CBA6009826E9 /* DetailViewModel.swift in Sources */,
				60AC24F62688C4B8009826E9 /* TableViewCellViewModel.swift in Sources */,
				60AC24F82688CB11009826E9 /* DetailViewController.swift in Sources */,
				60AC24EE2688BDB8009826E9 /* ViewModel.swift in Sources */,
				60AC24D42688B83B009826E9 /* SceneDelegate.swift in Sources */,
			);
			runOnlyForDeploymentPostprocessing = 0;
		};
/* End PBXSourcesBuildPhase section */

/* Begin PBXVariantGroup section */
		60AC24D72688B83B009826E9 /* Main.storyboard */ = {
			isa = PBXVariantGroup;
			children = (
				60AC24D82688B83B009826E9 /* Base */,
			);
			name = Main.storyboard;
			sourceTree = "<group>";
		};
		60AC24DC2688B83F009826E9 /* LaunchScreen.storyboard */ = {
			isa = PBXVariantGroup;
			children = (
				60AC24DD2688B83F009826E9 /* Base */,
			);
			name = LaunchScreen.storyboard;
			sourceTree = "<group>";
		};
/* End PBXVariantGroup section */

/* Begin XCBuildConfiguration section */
		60AC24E02688B83F009826E9 /* Debug */ = {
			isa = XCBuildConfiguration;
			buildSettings = {
				ALWAYS_SEARCH_USER_PATHS = NO;
				CLANG_ANALYZER_NONNULL = YES;
				CLANG_ANALYZER_NUMBER_OBJECT_CONVERSION = YES_AGGRESSIVE;
				CLANG_CXX_LANGUAGE_STANDARD = "gnu++14";
				CLANG_CXX_LIBRARY = "libc++";
				CLANG_ENABLE_MODULES = YES;
				CLANG_ENABLE_OBJC_ARC = YES;
				CLANG_ENABLE_OBJC_WEAK = YES;
				CLANG_WARN_BLOCK_CAPTURE_AUTORELEASING = YES;
				CLANG_WARN_BOOL_CONVERSION = YES;
				CLANG_WARN_COMMA = YES;
				CLANG_WARN_CONSTANT_CONVERSION = YES;
				CLANG_WARN_DEPRECATED_OBJC_IMPLEMENTATIONS = YES;
				CLANG_WARN_DIRECT_OBJC_ISA_USAGE = YES_ERROR;
				CLANG_WARN_DOCUMENTATION_COMMENTS = YES;
				CLANG_WARN_EMPTY_BODY = YES;
				CLANG_WARN_ENUM_CONVERSION = YES;
				CLANG_WARN_INFINITE_RECURSION = YES;
				CLANG_WARN_INT_CONVERSION = YES;
				CLANG_WARN_NON_LITERAL_NULL_CONVERSION = YES;
				CLANG_WARN_OBJC_IMPLICIT_RETAIN_SELF = YES;
				CLANG_WARN_OBJC_LITERAL_CONVERSION = YES;
				CLANG_WARN_OBJC_ROOT_CLASS = YES_ERROR;
				CLANG_WARN_QUOTED_INCLUDE_IN_FRAMEWORK_HEADER = YES;
				CLANG_WARN_RANGE_LOOP_ANALYSIS = YES;
				CLANG_WARN_STRICT_PROTOTYPES = YES;
				CLANG_WARN_SUSPICIOUS_MOVE = YES;
				CLANG_WARN_UNGUARDED_AVAILABILITY = YES_AGGRESSIVE;
				CLANG_WARN_UNREACHABLE_CODE = YES;
				CLANG_WARN__DUPLICATE_METHOD_MATCH = YES;
				COPY_PHASE_STRIP = NO;
				DEBUG_INFORMATION_FORMAT = dwarf;
				ENABLE_STRICT_OBJC_MSGSEND = YES;
				ENABLE_TESTABILITY = YES;
				GCC_C_LANGUAGE_STANDARD = gnu11;
				GCC_DYNAMIC_NO_PIC = NO;
				GCC_NO_COMMON_BLOCKS = YES;
				GCC_OPTIMIZATION_LEVEL = 0;
				GCC_PREPROCESSOR_DEFINITIONS = (
					"DEBUG=1",
					"$(inherited)",
				);
				GCC_WARN_64_TO_32_BIT_CONVERSION = YES;
				GCC_WARN_ABOUT_RETURN_TYPE = YES_ERROR;
				GCC_WARN_UNDECLARED_SELECTOR = YES;
				GCC_WARN_UNINITIALIZED_AUTOS = YES_AGGRESSIVE;
				GCC_WARN_UNUSED_FUNCTION = YES;
				GCC_WARN_UNUSED_VARIABLE = YES;
				IPHONEOS_DEPLOYMENT_TARGET = 14.5;
				MTL_ENABLE_DEBUG_INFO = INCLUDE_SOURCE;
				MTL_FAST_MATH = YES;
				ONLY_ACTIVE_ARCH = YES;
				SDKROOT = iphoneos;
				SWIFT_ACTIVE_COMPILATION_CONDITIONS = DEBUG;
				SWIFT_OPTIMIZATION_LEVEL = "-Onone";
			};
			name = Debug;
		};
		60AC24E12688B83F009826E9 /* Release */ = {
			isa = XCBuildConfiguration;
			buildSettings = {
				ALWAYS_SEARCH_USER_PATHS = NO;
				CLANG_ANALYZER_NONNULL = YES;
				CLANG_ANALYZER_NUMBER_OBJECT_CONVERSION = YES_AGGRESSIVE;
				CLANG_CXX_LANGUAGE_STANDARD = "gnu++14";
				CLANG_CXX_LIBRARY = "libc++";
				CLANG_ENABLE_MODULES = YES;
				CLANG_ENABLE_OBJC_ARC = YES;
				CLANG_ENABLE_OBJC_WEAK = YES;
				CLANG_WARN_BLOCK_CAPTURE_AUTORELEASING = YES;
				CLANG_WARN_BOOL_CONVERSION = YES;
				CLANG_WARN_COMMA = YES;
				CLANG_WARN_CONSTANT_CONVERSION = YES;
				CLANG_WARN_DEPRECATED_OBJC_IMPLEMENTATIONS = YES;
				CLANG_WARN_DIRECT_OBJC_ISA_USAGE = YES_ERROR;
				CLANG_WARN_DOCUMENTATION_COMMENTS = YES;
				CLANG_WARN_EMPTY_BODY = YES;
				CLANG_WARN_ENUM_CONVERSION = YES;
				CLANG_WARN_INFINITE_RECURSION = YES;
				CLANG_WARN_INT_CONVERSION = YES;
				CLANG_WARN_NON_LITERAL_NULL_CONVERSION = YES;
				CLANG_WARN_OBJC_IMPLICIT_RETAIN_SELF = YES;
				CLANG_WARN_OBJC_LITERAL_CONVERSION = YES;
				CLANG_WARN_OBJC_ROOT_CLASS = YES_ERROR;
				CLANG_WARN_QUOTED_INCLUDE_IN_FRAMEWORK_HEADER = YES;
				CLANG_WARN_RANGE_LOOP_ANALYSIS = YES;
				CLANG_WARN_STRICT_PROTOTYPES = YES;
				CLANG_WARN_SUSPICIOUS_MOVE = YES;
				CLANG_WARN_UNGUARDED_AVAILABILITY = YES_AGGRESSIVE;
				CLANG_WARN_UNREACHABLE_CODE = YES;
				CLANG_WARN__DUPLICATE_METHOD_MATCH = YES;
				COPY_PHASE_STRIP = NO;
				DEBUG_INFORMATION_FORMAT = "dwarf-with-dsym";
				ENABLE_NS_ASSERTIONS = NO;
				ENABLE_STRICT_OBJC_MSGSEND = YES;
				GCC_C_LANGUAGE_STANDARD = gnu11;
				GCC_NO_COMMON_BLOCKS = YES;
				GCC_WARN_64_TO_32_BIT_CONVERSION = YES;
				GCC_WARN_ABOUT_RETURN_TYPE = YES_ERROR;
				GCC_WARN_UNDECLARED_SELECTOR = YES;
				GCC_WARN_UNINITIALIZED_AUTOS = YES_AGGRESSIVE;
				GCC_WARN_UNUSED_FUNCTION = YES;
				GCC_WARN_UNUSED_VARIABLE = YES;
				IPHONEOS_DEPLOYMENT_TARGET = 14.5;
				MTL_ENABLE_DEBUG_INFO = NO;
				MTL_FAST_MATH = YES;
				SDKROOT = iphoneos;
				SWIFT_COMPILATION_MODE = wholemodule;
				SWIFT_OPTIMIZATION_LEVEL = "-O";
				VALIDATE_PRODUCT = YES;
			};
			name = Release;
		};
		60AC24E32688B83F009826E9 /* Debug */ = {
			isa = XCBuildConfiguration;
			buildSettings = {
				ASSETCATALOG_COMPILER_APPICON_NAME = AppIcon;
				ASSETCATALOG_COMPILER_GLOBAL_ACCENT_COLOR_NAME = AccentColor;
				CODE_SIGN_STYLE = Automatic;
				DEVELOPMENT_TEAM = PLUM5QCSG5;
				INFOPLIST_FILE = "MVVM-2/Info.plist";
				LD_RUNPATH_SEARCH_PATHS = (
					"$(inherited)",
					"@executable_path/Frameworks",
				);
				PRODUCT_BUNDLE_IDENTIFIER = "Shkarin.MVVM-2";
				PRODUCT_NAME = "$(TARGET_NAME)";
				SWIFT_VERSION = 5.0;
				TARGETED_DEVICE_FAMILY = "1,2";
			};
			name = Debug;
		};
		60AC24E42688B83F009826E9 /* Release */ = {
			isa = XCBuildConfiguration;
			buildSettings = {
				ASSETCATALOG_COMPILER_APPICON_NAME = AppIcon;
				ASSETCATALOG_COMPILER_GLOBAL_ACCENT_COLOR_NAME = AccentColor;
				CODE_SIGN_STYLE = Automatic;
				DEVELOPMENT_TEAM = PLUM5QCSG5;
				INFOPLIST_FILE = "MVVM-2/Info.plist";
				LD_RUNPATH_SEARCH_PATHS = (
					"$(inherited)",
					"@executable_path/Frameworks",
				);
				PRODUCT_BUNDLE_IDENTIFIER = "Shkarin.MVVM-2";
				PRODUCT_NAME = "$(TARGET_NAME)";
				SWIFT_VERSION = 5.0;
				TARGETED_DEVICE_FAMILY = "1,2";
			};
			name = Release;
		};
/* End XCBuildConfiguration section */

/* Begin XCConfigurationList section */
		60AC24C92688B83B009826E9 /* Build configuration list for PBXProject "MVVM-2" */ = {
			isa = XCConfigurationList;
			buildConfigurations = (
				60AC24E02688B83F009826E9 /* Debug */,
				60AC24E12688B83F009826E9 /* Release */,
			);
			defaultConfigurationIsVisible = 0;
			defaultConfigurationName = Release;
		};
		60AC24E22688B83F009826E9 /* Build configuration list for PBXNativeTarget "MVVM-2" */ = {
			isa = XCConfigurationList;
			buildConfigurations = (
				60AC24E32688B83F009826E9 /* Debug */,
				60AC24E42688B83F009826E9 /* Release */,
			);
			defaultConfigurationIsVisible = 0;
			defaultConfigurationName = Release;
		};
/* End XCConfigurationList section */
	};
	rootObject = 60AC24C62688B83B009826E9 /* Project object */;
}
